{
  "name": "tags-select",
  "version": "0.1.0",
  "lockfileVersion": 1,
  "dependencies": {
    "anymatch": {
      "version": "1.3.2",
      "resolved": "http://registry.npm.taobao.org/anymatch/download/anymatch-1.3.2.tgz",
      "integrity": "sha1-VT3Lj5HjyImEXf26NMd3IbkLnXo="
    },
    "arr-diff": {
      "version": "2.0.0",
      "resolved": "http://registry.npm.taobao.org/arr-diff/download/arr-diff-2.0.0.tgz",
      "integrity": "sha1-jzuCf5Vai9ZpaX5KQlasPOrjVs8="
    },
    "arr-flatten": {
      "version": "1.1.0",
      "resolved": "http://registry.npm.taobao.org/arr-flatten/download/arr-flatten-1.1.0.tgz",
      "integrity": "sha1-NgSLv/TntH4TZkQxbJlmnqWukfE="
    },
    "array-unique": {
      "version": "0.2.1",
      "resolved": "http://registry.npm.taobao.org/array-unique/download/array-unique-0.2.1.tgz",
      "integrity": "sha1-odl8yvy8JiXMcPrc6zalDFiwGlM="
    },
    "asap": {
      "version": "2.0.6",
      "resolved": "http://registry.npm.taobao.org/asap/download/asap-2.0.6.tgz",
      "integrity": "sha1-5QNHYR1+aQlDIIu9r+vLwvuGbUY="
    },
    "async-each": {
      "version": "1.0.1",
      "resolved": "http://registry.npm.taobao.org/async-each/download/async-each-1.0.1.tgz",
      "integrity": "sha1-GdOGodntxufByF04iu28xW0zYC0="
    },
    "balanced-match": {
      "version": "1.0.0",
      "resolved": "http://registry.npm.taobao.org/balanced-match/download/balanced-match-1.0.0.tgz",
      "integrity": "sha1-ibTRmasr7kneFk6gK4nORi1xt2c="
    },
    "bignumber.js": {
      "version": "4.0.4",
      "resolved": "http://registry.npm.taobao.org/bignumber.js/download/bignumber.js-4.0.4.tgz",
      "integrity": "sha1-fED1q80tZiOre5loLufbgbEYiaQ="
    },
    "binary-extensions": {
      "version": "1.11.0",
      "resolved": "http://registry.npm.taobao.org/binary-extensions/download/binary-extensions-1.11.0.tgz",
      "integrity": "sha1-RqoXUftqL5PuXmibsQh9SxTGwgU="
    },
    "brace-expansion": {
      "version": "1.1.8",
      "resolved": "http://registry.npm.taobao.org/brace-expansion/download/brace-expansion-1.1.8.tgz",
      "integrity": "sha1-wHshHHyVLsH479Uad+8NHTmQopI="
    },
    "braces": {
      "version": "1.8.5",
      "resolved": "http://registry.npm.taobao.org/braces/download/braces-1.8.5.tgz",
      "integrity": "sha1-uneWLhLf+WnWt2cR6RS3N4V79qc="
    },
    "bulma": {
      "version": "0.6.1",
      "resolved": "https://registry.npmjs.org/bulma/-/bulma-0.6.1.tgz",
      "integrity": "sha1-XyGnfAwG99gAUcBmKMI1Fggb1kk="
    },
    "chokidar": {
      "version": "1.7.0",
      "resolved": "http://registry.npm.taobao.org/chokidar/download/chokidar-1.7.0.tgz",
      "integrity": "sha1-eY5ol3gVHIB2tLNg5e3SjNortGg="
    },
    "clean-css": {
      "version": "4.1.9",
      "resolved": "http://registry.npm.taobao.org/clean-css/download/clean-css-4.1.9.tgz",
      "integrity": "sha1-Nc7ornaHpJuYA09w3gDE7dOCYwE="
    },
    "commander": {
      "version": "2.11.0",
      "resolved": "https://registry.npmjs.org/commander/-/commander-2.11.0.tgz",
      "integrity": "sha512-b0553uYA5YAEGgyYIGYROzKQ7X5RAqedkfjiZxwi0kL1g3bOaBNNZfYkzt/CL0umgD5wc9Jec2FbB98CjkMRvQ=="
    },
    "concat-map": {
      "version": "0.0.1",
      "resolved": "http://registry.npm.taobao.org/concat-map/download/concat-map-0.0.1.tgz",
      "integrity": "sha1-2Klr13/Wjfd5OnMDajug1UBdR3s="
    },
    "core-js": {
      "version": "1.2.7",
      "resolved": "http://registry.npm.taobao.org/core-js/download/core-js-1.2.7.tgz",
      "integrity": "sha1-ZSKUwUZR2yj6k70tX/KYOk8IxjY="
    },
    "core-util-is": {
      "version": "1.0.2",
      "resolved": "http://registry.npm.taobao.org/core-util-is/download/core-util-is-1.0.2.tgz",
      "integrity": "sha1-tf1UIgqivFq1eqtxQMlAdUUDwac="
    },
    "debug": {
      "version": "0.7.4",
      "resolved": "http://registry.npm.taobao.org/debug/download/debug-0.7.4.tgz",
      "integrity": "sha1-BuHqgILCyxTjmAbiLi9vdX+Srzk="
    },
    "deep-is": {
      "version": "0.1.2",
      "resolved": "http://registry.npm.taobao.org/deep-is/download/deep-is-0.1.2.tgz",
      "integrity": "sha1-nO1l6gvAsJ9CptecGxkD+dkTzBg="
    },
    "encoding": {
      "version": "0.1.12",
      "resolved": "http://registry.npm.taobao.org/encoding/download/encoding-0.1.12.tgz",
      "integrity": "sha1-U4tm8+5izRq1HsMjgp0flIDHS+s="
    },
    "etag": {
      "version": "1.8.1",
      "resolved": "http://registry.npm.taobao.org/etag/download/etag-1.8.1.tgz",
      "integrity": "sha1-Qa4u62XvpiJorr/qg6x9eSmbCIc="
    },
    "expand-brackets": {
      "version": "0.1.5",
      "resolved": "http://registry.npm.taobao.org/expand-brackets/download/expand-brackets-0.1.5.tgz",
      "integrity": "sha1-3wcoTjQqgHzXM6xa9yQR5YHRF3s="
    },
    "expand-range": {
      "version": "1.8.2",
      "resolved": "http://registry.npm.taobao.org/expand-range/download/expand-range-1.8.2.tgz",
      "integrity": "sha1-opnv/TNf4nIeuujiV+x5ZE/IUzc="
    },
    "extglob": {
      "version": "0.3.2",
      "resolved": "http://registry.npm.taobao.org/extglob/download/extglob-0.3.2.tgz",
      "integrity": "sha1-Lhj/PS9JqydlzskCPwEdqo2DSaE="
    },
    "f2e-middle-template": {
      "version": "0.2.5",
      "resolved": "http://registry.npm.taobao.org/f2e-middle-template/download/f2e-middle-template-0.2.5.tgz",
      "integrity": "sha1-Hmp+x2e68hh2rDEQPBq2f0dgNR0="
    },
    "f2e-middle-typescript": {
      "version": "0.3.2",
      "resolved": "http://registry.npm.taobao.org/f2e-middle-typescript/download/f2e-middle-typescript-0.3.2.tgz",
      "integrity": "sha1-MYUs2GuqBaDoBoS75coU5cZjZu8="
    },
    "f2e-server": {
      "version": "2.6.7",
      "resolved": "http://registry.npm.taobao.org/f2e-server/download/f2e-server-2.6.7.tgz",
      "integrity": "sha1-aRXUzRFnjp6eYcWHtposMTo4JmQ="
    },
    "fbjs": {
      "version": "0.8.16",
      "resolved": "http://registry.npm.taobao.org/fbjs/download/fbjs-0.8.16.tgz",
      "integrity": "sha1-XmdDL1UNxBtXK/VYR7ispk5TN9s="
    },
    "filename-regex": {
      "version": "2.0.1",
      "resolved": "http://registry.npm.taobao.org/filename-regex/download/filename-regex-2.0.1.tgz",
      "integrity": "sha1-wcS5vuPglyXdsQa3XB4wH+LxiyY="
    },
    "fill-range": {
      "version": "2.2.3",
      "resolved": "http://registry.npm.taobao.org/fill-range/download/fill-range-2.2.3.tgz",
      "integrity": "sha1-ULd9/X5Gm8dJJHCWNpn+eoSFpyM="
    },
    "font-awesome": {
      "version": "4.7.0",
      "resolved": "http://registry.npm.taobao.org/font-awesome/download/font-awesome-4.7.0.tgz",
      "integrity": "sha1-j6jPBBGhoxr9B7BtKQK7n8gVoTM="
    },
    "for-in": {
      "version": "1.0.2",
      "resolved": "http://registry.npm.taobao.org/for-in/download/for-in-1.0.2.tgz",
      "integrity": "sha1-gQaNKVqBQuwKxybG4iAMMPttXoA="
    },
    "for-own": {
      "version": "0.1.5",
      "resolved": "http://registry.npm.taobao.org/for-own/download/for-own-0.1.5.tgz",
      "integrity": "sha1-UmXGgaTylNq78XyVCbZ2OqhFEM4="
    },
    "fsevents": {
      "version": "1.1.3",
      "resolved": "http://registry.npm.taobao.org/fsevents/download/fsevents-1.1.3.tgz",
      "integrity": "sha1-EfgjGPX+e7LNIpZaEI6TBiCCFtg=",
      "optional": true,
      "dependencies": {
        "abbrev": {
          "version": "1.1.0",
          "bundled": true,
          "optional": true
        },
        "ajv": {
          "version": "4.11.8",
          "bundled": true,
          "optional": true
        },
        "ansi-regex": {
          "version": "2.1.1",
          "bundled": true
        },
        "aproba": {
          "version": "1.1.1",
          "bundled": true,
          "optional": true
        },
        "are-we-there-yet": {
          "version": "1.1.4",
          "bundled": true,
          "optional": true
        },
        "asn1": {
          "version": "0.2.3",
          "bundled": true,
          "optional": true
        },
        "assert-plus": {
          "version": "0.2.0",
          "bundled": true,
          "optional": true
        },
        "asynckit": {
          "version": "0.4.0",
          "bundled": true,
          "optional": true
        },
        "aws-sign2": {
          "version": "0.6.0",
          "bundled": true,
          "optional": true
        },
        "aws4": {
          "version": "1.6.0",
          "bundled": true,
          "optional": true
        },
        "balanced-match": {
          "version": "0.4.2",
          "bundled": true
        },
        "bcrypt-pbkdf": {
          "version": "1.0.1",
          "bundled": true,
          "optional": true
        },
        "block-stream": {
          "version": "0.0.9",
          "bundled": true
        },
        "boom": {
          "version": "2.10.1",
          "bundled": true
        },
        "brace-expansion": {
          "version": "1.1.7",
          "bundled": true
        },
        "buffer-shims": {
          "version": "1.0.0",
          "bundled": true
        },
        "caseless": {
          "version": "0.12.0",
          "bundled": true,
          "optional": true
        },
        "co": {
          "version": "4.6.0",
          "bundled": true,
          "optional": true
        },
        "code-point-at": {
          "version": "1.1.0",
          "bundled": true
        },
        "combined-stream": {
          "version": "1.0.5",
          "bundled": true
        },
        "concat-map": {
          "version": "0.0.1",
          "bundled": true
        },
        "console-control-strings": {
          "version": "1.1.0",
          "bundled": true
        },
        "core-util-is": {
          "version": "1.0.2",
          "bundled": true
        },
        "cryptiles": {
          "version": "2.0.5",
          "bundled": true
        },
        "dashdash": {
          "version": "1.14.1",
          "bundled": true,
          "optional": true,
          "dependencies": {
            "assert-plus": {
              "version": "1.0.0",
              "bundled": true,
              "optional": true
            }
          }
        },
        "debug": {
          "version": "2.6.8",
          "bundled": true,
          "optional": true
        },
        "deep-extend": {
          "version": "0.4.2",
          "bundled": true,
          "optional": true
        },
        "delayed-stream": {
          "version": "1.0.0",
          "bundled": true
        },
        "delegates": {
          "version": "1.0.0",
          "bundled": true,
          "optional": true
        },
        "detect-libc": {
          "version": "1.0.2",
          "bundled": true,
          "optional": true
        },
        "ecc-jsbn": {
          "version": "0.1.1",
          "bundled": true,
          "optional": true
        },
        "extend": {
          "version": "3.0.1",
          "bundled": true,
          "optional": true
        },
        "extsprintf": {
          "version": "1.0.2",
          "bundled": true
        },
        "forever-agent": {
          "version": "0.6.1",
          "bundled": true,
          "optional": true
        },
        "form-data": {
          "version": "2.1.4",
          "bundled": true,
          "optional": true
        },
        "fs.realpath": {
          "version": "1.0.0",
          "bundled": true
        },
        "fstream": {
          "version": "1.0.11",
          "bundled": true
        },
        "fstream-ignore": {
          "version": "1.0.5",
          "bundled": true,
          "optional": true
        },
        "gauge": {
          "version": "2.7.4",
          "bundled": true,
          "optional": true
        },
        "getpass": {
          "version": "0.1.7",
          "bundled": true,
          "optional": true,
          "dependencies": {
            "assert-plus": {
              "version": "1.0.0",
              "bundled": true,
              "optional": true
            }
          }
        },
        "glob": {
          "version": "7.1.2",
          "bundled": true
        },
        "graceful-fs": {
          "version": "4.1.11",
          "bundled": true
        },
        "har-schema": {
          "version": "1.0.5",
          "bundled": true,
          "optional": true
        },
        "har-validator": {
          "version": "4.2.1",
          "bundled": true,
          "optional": true
        },
        "has-unicode": {
          "version": "2.0.1",
          "bundled": true,
          "optional": true
        },
        "hawk": {
          "version": "3.1.3",
          "bundled": true
        },
        "hoek": {
          "version": "2.16.3",
          "bundled": true
        },
        "http-signature": {
          "version": "1.1.1",
          "bundled": true,
          "optional": true
        },
        "inflight": {
          "version": "1.0.6",
          "bundled": true
        },
        "inherits": {
          "version": "2.0.3",
          "bundled": true
        },
        "ini": {
          "version": "1.3.4",
          "bundled": true,
          "optional": true
        },
        "is-fullwidth-code-point": {
          "version": "1.0.0",
          "bundled": true
        },
        "is-typedarray": {
          "version": "1.0.0",
          "bundled": true,
          "optional": true
        },
        "isarray": {
          "version": "1.0.0",
          "bundled": true
        },
        "isstream": {
          "version": "0.1.2",
          "bundled": true,
          "optional": true
        },
        "jodid25519": {
          "version": "1.0.2",
          "bundled": true,
          "optional": true
        },
        "jsbn": {
          "version": "0.1.1",
          "bundled": true,
          "optional": true
        },
        "json-schema": {
          "version": "0.2.3",
          "bundled": true,
          "optional": true
        },
        "json-stable-stringify": {
          "version": "1.0.1",
          "bundled": true,
          "optional": true
        },
        "json-stringify-safe": {
          "version": "5.0.1",
          "bundled": true,
          "optional": true
        },
        "jsonify": {
          "version": "0.0.0",
          "bundled": true,
          "optional": true
        },
        "jsprim": {
          "version": "1.4.0",
          "bundled": true,
          "optional": true,
          "dependencies": {
            "assert-plus": {
              "version": "1.0.0",
              "bundled": true,
              "optional": true
            }
          }
        },
        "mime-db": {
          "version": "1.27.0",
          "bundled": true
        },
        "mime-types": {
          "version": "2.1.15",
          "bundled": true
        },
        "minimatch": {
          "version": "3.0.4",
          "bundled": true
        },
        "minimist": {
          "version": "0.0.8",
          "bundled": true
        },
        "mkdirp": {
          "version": "0.5.1",
          "bundled": true
        },
        "ms": {
          "version": "2.0.0",
          "bundled": true,
          "optional": true
        },
        "node-pre-gyp": {
          "version": "0.6.39",
          "bundled": true,
          "optional": true
        },
        "nopt": {
          "version": "4.0.1",
          "bundled": true,
          "optional": true
        },
        "npmlog": {
          "version": "4.1.0",
          "bundled": true,
          "optional": true
        },
        "number-is-nan": {
          "version": "1.0.1",
          "bundled": true
        },
        "oauth-sign": {
          "version": "0.8.2",
          "bundled": true,
          "optional": true
        },
        "object-assign": {
          "version": "4.1.1",
          "bundled": true,
          "optional": true
        },
        "once": {
          "version": "1.4.0",
          "bundled": true
        },
        "os-homedir": {
          "version": "1.0.2",
          "bundled": true,
          "optional": true
        },
        "os-tmpdir": {
          "version": "1.0.2",
          "bundled": true,
          "optional": true
        },
        "osenv": {
          "version": "0.1.4",
          "bundled": true,
          "optional": true
        },
        "path-is-absolute": {
          "version": "1.0.1",
          "bundled": true
        },
        "performance-now": {
          "version": "0.2.0",
          "bundled": true,
          "optional": true
        },
        "process-nextick-args": {
          "version": "1.0.7",
          "bundled": true
        },
        "punycode": {
          "version": "1.4.1",
          "bundled": true,
          "optional": true
        },
        "qs": {
          "version": "6.4.0",
          "bundled": true,
          "optional": true
        },
        "rc": {
          "version": "1.2.1",
          "bundled": true,
          "optional": true,
          "dependencies": {
            "minimist": {
              "version": "1.2.0",
              "bundled": true,
              "optional": true
            }
          }
        },
        "readable-stream": {
          "version": "2.2.9",
          "bundled": true
        },
        "request": {
          "version": "2.81.0",
          "bundled": true,
          "optional": true
        },
        "rimraf": {
          "version": "2.6.1",
          "bundled": true
        },
        "safe-buffer": {
          "version": "5.0.1",
          "bundled": true
        },
        "semver": {
          "version": "5.3.0",
          "bundled": true,
          "optional": true
        },
        "set-blocking": {
          "version": "2.0.0",
          "bundled": true,
          "optional": true
        },
        "signal-exit": {
          "version": "3.0.2",
          "bundled": true,
          "optional": true
        },
        "sntp": {
          "version": "1.0.9",
          "bundled": true
        },
        "sshpk": {
          "version": "1.13.0",
          "bundled": true,
          "optional": true,
          "dependencies": {
            "assert-plus": {
              "version": "1.0.0",
              "bundled": true,
              "optional": true
            }
          }
        },
        "string_decoder": {
          "version": "1.0.1",
          "bundled": true
        },
        "string-width": {
          "version": "1.0.2",
          "bundled": true
        },
        "stringstream": {
          "version": "0.0.5",
          "bundled": true,
          "optional": true
        },
        "strip-ansi": {
          "version": "3.0.1",
          "bundled": true
        },
        "strip-json-comments": {
          "version": "2.0.1",
          "bundled": true,
          "optional": true
        },
        "tar": {
          "version": "2.2.1",
          "bundled": true
        },
        "tar-pack": {
          "version": "3.4.0",
          "bundled": true,
          "optional": true
        },
        "tough-cookie": {
          "version": "2.3.2",
          "bundled": true,
          "optional": true
        },
        "tunnel-agent": {
          "version": "0.6.0",
          "bundled": true,
          "optional": true
        },
        "tweetnacl": {
          "version": "0.14.5",
          "bundled": true,
          "optional": true
        },
        "uid-number": {
          "version": "0.0.6",
          "bundled": true,
          "optional": true
        },
        "util-deprecate": {
          "version": "1.0.2",
          "bundled": true
        },
        "uuid": {
          "version": "3.0.1",
          "bundled": true,
          "optional": true
        },
        "verror": {
          "version": "1.3.6",
          "bundled": true,
          "optional": true
        },
        "wide-align": {
          "version": "1.1.2",
          "bundled": true,
          "optional": true
        },
        "wrappy": {
          "version": "1.0.2",
          "bundled": true
        }
      }
    },
    "glob-base": {
      "version": "0.3.0",
      "resolved": "http://registry.npm.taobao.org/glob-base/download/glob-base-0.3.0.tgz",
      "integrity": "sha1-27Fk9iIbHAscz4Kuoyi0l98Oo8Q="
    },
    "glob-parent": {
      "version": "2.0.0",
      "resolved": "http://registry.npm.taobao.org/glob-parent/download/glob-parent-2.0.0.tgz",
      "integrity": "sha1-gTg9ctsFT8zPUzbaqQLxgvbtuyg="
    },
    "glob-to-regexp": {
      "version": "0.3.0",
      "resolved": "http://registry.npm.taobao.org/glob-to-regexp/download/glob-to-regexp-0.3.0.tgz",
      "integrity": "sha1-jFoUlNIGbFcMw7/kSWF1rMTVAqs="
    },
    "graceful-fs": {
      "version": "4.1.11",
      "resolved": "http://registry.npm.taobao.org/graceful-fs/download/graceful-fs-4.1.11.tgz",
      "integrity": "sha1-Dovf5NHduIVNZOBOp8AOKgJuVlg="
    },
    "iconv-lite": {
      "version": "0.4.19",
      "resolved": "http://registry.npm.taobao.org/iconv-lite/download/iconv-lite-0.4.19.tgz",
      "integrity": "sha1-90aPYBNfXl2tM5nAqBvpoWA6CCs="
    },
    "inherits": {
      "version": "2.0.3",
      "resolved": "http://registry.npm.taobao.org/inherits/download/inherits-2.0.3.tgz",
      "integrity": "sha1-Yzwsg+PaQqUC9SRmAiSA9CCCYd4="
    },
    "is-binary-path": {
      "version": "1.0.1",
      "resolved": "http://registry.npm.taobao.org/is-binary-path/download/is-binary-path-1.0.1.tgz",
      "integrity": "sha1-dfFmQrSA8YenEcgUFh/TpKdlWJg="
    },
    "is-buffer": {
      "version": "1.1.6",
      "resolved": "http://registry.npm.taobao.org/is-buffer/download/is-buffer-1.1.6.tgz",
      "integrity": "sha1-76ouqdqg16suoTqXsritUf776L4="
    },
    "is-dotfile": {
      "version": "1.0.3",
      "resolved": "http://registry.npm.taobao.org/is-dotfile/download/is-dotfile-1.0.3.tgz",
      "integrity": "sha1-pqLzL/0t+wT1yiXs0Pa4PPeYoeE="
    },
    "is-equal-shallow": {
      "version": "0.1.3",
      "resolved": "http://registry.npm.taobao.org/is-equal-shallow/download/is-equal-shallow-0.1.3.tgz",
      "integrity": "sha1-IjgJj8Ih3gvPpdnqxMRdY4qhxTQ="
    },
    "is-extendable": {
      "version": "0.1.1",
      "resolved": "http://registry.npm.taobao.org/is-extendable/download/is-extendable-0.1.1.tgz",
      "integrity": "sha1-YrEQ4omkcUGOPsNqYX1HLjAd/Ik="
    },
    "is-extglob": {
      "version": "1.0.0",
      "resolved": "http://registry.npm.taobao.org/is-extglob/download/is-extglob-1.0.0.tgz",
      "integrity": "sha1-rEaBd8SUNAWgkvyPKXYMb/xiBsA="
    },
    "is-glob": {
      "version": "2.0.1",
      "resolved": "http://registry.npm.taobao.org/is-glob/download/is-glob-2.0.1.tgz",
      "integrity": "sha1-0Jb5JqPe1WAPP9/ZEZjLCIjC2GM="
    },
    "is-number": {
      "version": "2.1.0",
      "resolved": "http://registry.npm.taobao.org/is-number/download/is-number-2.1.0.tgz",
      "integrity": "sha1-Afy7s5NGOlSPL0ZszhbezknbkI8="
    },
    "is-posix-bracket": {
      "version": "0.1.1",
      "resolved": "http://registry.npm.taobao.org/is-posix-bracket/download/is-posix-bracket-0.1.1.tgz",
      "integrity": "sha1-MzTceXdDaOkvAW5vvAqI9c1ua8Q="
    },
    "is-primitive": {
      "version": "2.0.0",
      "resolved": "http://registry.npm.taobao.org/is-primitive/download/is-primitive-2.0.0.tgz",
      "integrity": "sha1-IHurkWOEmcB7Kt8kCkGochADRXU="
    },
    "is-stream": {
      "version": "1.1.0",
      "resolved": "http://registry.npm.taobao.org/is-stream/download/is-stream-1.1.0.tgz",
      "integrity": "sha1-EtSj3U5o4Lec6428hBc66A2RykQ="
    },
    "is2": {
      "version": "0.0.9",
      "resolved": "http://registry.npm.taobao.org/is2/download/is2-0.0.9.tgz",
      "integrity": "sha1-EZVW0dFlGkG6EFr4AyZ8gLKZ9ik="
    },
    "isarray": {
      "version": "1.0.0",
      "resolved": "http://registry.npm.taobao.org/isarray/download/isarray-1.0.0.tgz",
      "integrity": "sha1-u5NdSFgsuhaMBoNJV6VKPgcSTxE="
    },
    "isobject": {
      "version": "2.1.0",
      "resolved": "http://registry.npm.taobao.org/isobject/download/isobject-2.1.0.tgz",
      "integrity": "sha1-8GVWEJaj8dou9GJy+BXIQNh+DIk="
    },
    "isomorphic-fetch": {
      "version": "2.2.1",
      "resolved": "http://registry.npm.taobao.org/isomorphic-fetch/download/isomorphic-fetch-2.2.1.tgz",
      "integrity": "sha1-YRrhrPFPXoH3KVB0coGf6XM1WKk="
    },
    "js-tokens": {
      "version": "3.0.2",
      "resolved": "http://registry.npm.taobao.org/js-tokens/download/js-tokens-3.0.2.tgz",
      "integrity": "sha1-mGbfOVECEw449/mWvOtlRDIJwls="
    },
    "kind-of": {
      "version": "3.2.2",
      "resolved": "http://registry.npm.taobao.org/kind-of/download/kind-of-3.2.2.tgz",
      "integrity": "sha1-MeohpzS6ubuw8yRm2JOupR5KPGQ="
    },
    "lodash": {
      "version": "4.17.4",
      "resolved": "http://registry.npm.taobao.org/lodash/download/lodash-4.17.4.tgz",
      "integrity": "sha1-eCA6TRwyiuHYbcpkYONptX9AVa4="
    },
    "loose-envify": {
      "version": "1.3.1",
      "resolved": "http://registry.npm.taobao.org/loose-envify/download/loose-envify-1.3.1.tgz",
      "integrity": "sha1-0aitM/qc4OcT1l/dCsi3SNR4yEg="
    },
    "marked": {
      "version": "0.3.6",
      "resolved": "http://registry.npm.taobao.org/marked/download/marked-0.3.6.tgz",
      "integrity": "sha1-ssbGGPzOzk74bE/Gy4p8v1rtqNc="
    },
    "memory-tree": {
      "version": "0.4.4",
      "resolved": "http://registry.npm.taobao.org/memory-tree/download/memory-tree-0.4.4.tgz",
      "integrity": "sha1-BZVwEYQh4DLiiHuBEjXT1oHJ4P4="
    },
    "micromatch": {
      "version": "2.3.11",
      "resolved": "http://registry.npm.taobao.org/micromatch/download/micromatch-2.3.11.tgz",
      "integrity": "sha1-hmd8l9FyCzY0MdBNDRUpO9OMFWU="
    },
    "mime": {
      "version": "1.4.1",
      "resolved": "http://registry.npm.taobao.org/mime/download/mime-1.4.1.tgz",
      "integrity": "sha1-Eh+evEnjdm8xGnbh+hyAA8SwOqY="
    },
    "minimatch": {
      "version": "3.0.4",
      "resolved": "http://registry.npm.taobao.org/minimatch/download/minimatch-3.0.4.tgz",
      "integrity": "sha1-UWbihkV/AzBgZL5Ul+jbsMPTIIM="
    },
    "mysql": {
      "version": "2.15.0",
      "resolved": "http://registry.npm.taobao.org/mysql/download/mysql-2.15.0.tgz",
      "integrity": "sha1-6haEEVY0Po8uR/yJhexBzdlXO1w="
    },
    "nan": {
      "version": "2.8.0",
      "resolved": "http://registry.npm.taobao.org/nan/download/nan-2.8.0.tgz",
      "integrity": "sha1-7XFfP+neArV6XmJS2QqWZ14fCFo=",
      "optional": true
    },
    "node-fetch": {
      "version": "1.7.3",
      "resolved": "http://registry.npm.taobao.org/node-fetch/download/node-fetch-1.7.3.tgz",
      "integrity": "sha1-mA9vcthSEaU0fGsrwYxbhMPrR+8="
    },
    "normalize-path": {
      "version": "2.1.1",
      "resolved": "http://registry.npm.taobao.org/normalize-path/download/normalize-path-2.1.1.tgz",
      "integrity": "sha1-GrKLVW4Zg2Oowab35vogE3/mrtk="
    },
    "object-assign": {
      "version": "4.1.1",
      "resolved": "http://registry.npm.taobao.org/object-assign/download/object-assign-4.1.1.tgz",
      "integrity": "sha1-IQmtx5ZYh8/AXLvUQsrIv7s2CGM="
    },
    "object.omit": {
      "version": "2.0.1",
      "resolved": "http://registry.npm.taobao.org/object.omit/download/object.omit-2.0.1.tgz",
      "integrity": "sha1-Gpx0SCnznbuFjHbKNXmuKlTr0fo="
    },
    "parse-glob": {
      "version": "3.0.4",
      "resolved": "http://registry.npm.taobao.org/parse-glob/download/parse-glob-3.0.4.tgz",
      "integrity": "sha1-ssN2z7EfNVE7rdFz7wu246OIORw="
    },
    "path-is-absolute": {
      "version": "1.0.1",
      "resolved": "http://registry.npm.taobao.org/path-is-absolute/download/path-is-absolute-1.0.1.tgz",
      "integrity": "sha1-F0uSaHNVNP+8es5r9TpanhtcX18="
    },
    "preserve": {
      "version": "0.2.0",
      "resolved": "http://registry.npm.taobao.org/preserve/download/preserve-0.2.0.tgz",
      "integrity": "sha1-gV7R9uvGWSb4ZbMQwHE7yzMVzks="
    },
    "process-nextick-args": {
      "version": "1.0.7",
      "resolved": "http://registry.npm.taobao.org/process-nextick-args/download/process-nextick-args-1.0.7.tgz",
      "integrity": "sha1-FQ4gt1ZZCtP5EJPyWk8q2L/zC6M="
    },
    "promise": {
      "version": "7.3.1",
      "resolved": "http://registry.npm.taobao.org/promise/download/promise-7.3.1.tgz",
      "integrity": "sha1-BktyYCsY+Q8pGSuLG8QY/9Hr078="
    },
    "prop-types": {
      "version": "15.6.0",
      "resolved": "http://registry.npm.taobao.org/prop-types/download/prop-types-15.6.0.tgz",
      "integrity": "sha1-zq8IMCL8RrSjX2nhPvda7Q1jmFY="
    },
    "q": {
      "version": "0.9.7",
      "resolved": "http://registry.npm.taobao.org/q/download/q-0.9.7.tgz",
      "integrity": "sha1-TeLmyzspCIyeTLwDv51C+5bOL3U="
    },
    "randomatic": {
      "version": "1.1.7",
      "resolved": "http://registry.npm.taobao.org/randomatic/download/randomatic-1.1.7.tgz",
      "integrity": "sha1-x6vpzIuHwLqodrGf3oP9RkeX44w=",
      "dependencies": {
        "is-number": {
          "version": "3.0.0",
          "resolved": "http://registry.npm.taobao.org/is-number/download/is-number-3.0.0.tgz",
          "integrity": "sha1-JP1iAaR4LPUFYcgQJ2r8fRLXEZU=",
          "dependencies": {
            "kind-of": {
              "version": "3.2.2",
              "resolved": "http://registry.npm.taobao.org/kind-of/download/kind-of-3.2.2.tgz",
              "integrity": "sha1-MeohpzS6ubuw8yRm2JOupR5KPGQ="
            }
          }
        },
        "kind-of": {
          "version": "4.0.0",
          "resolved": "http://registry.npm.taobao.org/kind-of/download/kind-of-4.0.0.tgz",
          "integrity": "sha1-IIE989cSkosgc3hpGkUGb65y3Vc="
        }
      }
    },
    "react": {
      "version": "16.1.1",
      "resolved": "http://registry.npm.taobao.org/react/download/react-16.1.1.tgz",
      "integrity": "sha1-1cTveVUH4wEigt1RJh/5wOgk/h8="
    },
    "react-dom": {
      "version": "16.1.1",
      "resolved": "http://registry.npm.taobao.org/react-dom/download/react-dom-16.1.1.tgz",
      "integrity": "sha1-suMxttdS+vGi0xOZlpOZpB2NRfg="
    },
    "readable-stream": {
      "version": "2.3.3",
      "resolved": "http://registry.npm.taobao.org/readable-stream/download/readable-stream-2.3.3.tgz",
      "integrity": "sha1-No8lEtefnUb9/HE0mueHi7weuVw="
    },
    "readdirp": {
      "version": "2.1.0",
      "resolved": "http://registry.npm.taobao.org/readdirp/download/readdirp-2.1.0.tgz",
      "integrity": "sha1-TtCtBg3zBzMAxIRANz9y0cxkLXg="
    },
    "regex-cache": {
      "version": "0.4.4",
      "resolved": "http://registry.npm.taobao.org/regex-cache/download/regex-cache-0.4.4.tgz",
      "integrity": "sha1-db3FiioUls7EihKDW8VMjVYjNt0="
    },
    "remove-trailing-separator": {
      "version": "1.1.0",
      "resolved": "http://registry.npm.taobao.org/remove-trailing-separator/download/remove-trailing-separator-1.1.0.tgz",
      "integrity": "sha1-wkvOKig62tW8P1jg1IJJuSN52O8="
    },
    "repeat-element": {
      "version": "1.1.2",
      "resolved": "http://registry.npm.taobao.org/repeat-element/download/repeat-element-1.1.2.tgz",
      "integrity": "sha1-7wiaF40Ug7quTZPrmLT55OEdmQo="
    },
    "repeat-string": {
      "version": "1.6.1",
      "resolved": "http://registry.npm.taobao.org/repeat-string/download/repeat-string-1.6.1.tgz",
      "integrity": "sha1-jcrkcOHIirwtYA//Sndihtp15jc="
    },
    "requirejs": {
      "version": "2.3.5",
      "resolved": "http://registry.npm.taobao.org/requirejs/download/requirejs-2.3.5.tgz",
      "integrity": "sha1-YXuay7yzNlQO9JFNeQMjqNS4YbA="
    },
    "safe-buffer": {
      "version": "5.1.1",
      "resolved": "http://registry.npm.taobao.org/safe-buffer/download/safe-buffer-5.1.1.tgz",
      "integrity": "sha1-iTMSr2myEj3vcfV4iQAWce6yyFM="
    },
    "set-immediate-shim": {
      "version": "1.0.1",
      "resolved": "http://registry.npm.taobao.org/set-immediate-shim/download/set-immediate-shim-1.0.1.tgz",
      "integrity": "sha1-SysbJ+uAip+NzEgaWOXlb1mfP2E="
    },
    "setimmediate": {
      "version": "1.0.5",
      "resolved": "http://registry.npm.taobao.org/setimmediate/download/setimmediate-1.0.5.tgz",
      "integrity": "sha1-KQy7Iy4waULX1+qbg3Mqt4VvgoU="
    },
    "source-map": {
      "version": "0.5.7",
      "resolved": "http://registry.npm.taobao.org/source-map/download/source-map-0.5.7.tgz",
      "integrity": "sha1-igOdLRAh0i0eoUyA2OpGi6LvP8w="
    },
    "sqlstring": {
      "version": "2.3.0",
      "resolved": "http://registry.npm.taobao.org/sqlstring/download/sqlstring-2.3.0.tgz",
      "integrity": "sha1-UluKT9Jtb3GqYegipsr5dtMa0qg="
    },
    "string_decoder": {
      "version": "1.0.3",
      "resolved": "http://registry.npm.taobao.org/string_decoder/download/string_decoder-1.0.3.tgz",
      "integrity": "sha1-D8Z9fBQYJd6UKC3VNr7GubzoYKs="
    },
    "tcp-port-used": {
      "version": "0.1.2",
      "resolved": "http://registry.npm.taobao.org/tcp-port-used/download/tcp-port-used-0.1.2.tgz",
      "integrity": "sha1-lFDodoyDtBb9TRpqlEnuzL9JbCk="
    },
    "typescript": {
      "version": "2.6.1",
      "resolved": "http://registry.npm.taobao.org/typescript/download/typescript-2.6.1.tgz",
      "integrity": "sha1-7znN6ierrAtQAkLWcmq5DgyEZjE="
    },
    "ua-parser-js": {
      "version": "0.7.17",
      "resolved": "http://registry.npm.taobao.org/ua-parser-js/download/ua-parser-js-0.7.17.tgz",
      "integrity": "sha1-6exflJi57JEOeuOsYmqAXE0J7Kw="
    },
    "uglify-js": {
      "version": "3.1.10",
      "resolved": "http://registry.npm.taobao.org/uglify-js/download/uglify-js-3.1.10.tgz",
      "integrity": "sha1-xKX5tcYna0DLlxwdl8nusmr5UJw=",
      "dependencies": {
        "source-map": {
          "version": "0.6.1",
          "resolved": "http://registry.npm.taobao.org/source-map/download/source-map-0.6.1.tgz",
          "integrity": "sha1-dHIq8y6WFOnCh6jQu95IteLxomM="
        }
      }
    },
    "util-deprecate": {
      "version": "1.0.2",
      "resolved": "http://registry.npm.taobao.org/util-deprecate/download/util-deprecate-1.0.2.tgz",
      "integrity": "sha1-RQ1Nyfpw3nMnYvvS1KKJgUGaDM8="
    },
    "whatwg-fetch": {
      "version": "2.0.3",
      "resolved": "http://registry.npm.taobao.org/whatwg-fetch/download/whatwg-fetch-2.0.3.tgz",
      "integrity": "sha1-nITsLc9oGH/wC8ZOEnS0QhduHIQ="
    }
  }
}
